
Microsoft Visual Studio Solution File, Format Version 12.00
# Visual Studio Version 17
Project("{8BC9CEB8-8B4A-11D0-8D11-00A0C91BC942}") = "ALL_BUILD", "ALL_BUILD.vcxproj", "{0F5F5857-C7D9-3355-90C7-EFBE6AFA508B}"
	ProjectSection(ProjectDependencies) = postProject
		{4C0C10FA-5535-359C-BF9C-4D9A06D544BE} = {4C0C10FA-5535-359C-BF9C-4D9A06D544BE}
		{86DFB9A6-FA85-3E73-86E5-DA5703A4F7A9} = {86DFB9A6-FA85-3E73-86E5-DA5703A4F7A9}
		{D0F4533E-88D9-3424-B671-C142DBFB73FA} = {D0F4533E-88D9-3424-B671-C142DBFB73FA}
		{B5C42F6B-C174-3E8F-A6B4-FF12CFE3AE4F} = {B5C42F6B-C174-3E8F-A6B4-FF12CFE3AE4F}
		{0F8083E1-F49E-3B8C-9CE0-D41CB625B699} = {0F8083E1-F49E-3B8C-9CE0-D41CB625B699}
		{1FE21F83-2D05-359A-A474-01973E604CA1} = {1FE21F83-2D05-359A-A474-01973E604CA1}
		{62BB7CF1-7358-3583-A1C2-97513C0A19CB} = {62BB7CF1-7358-3583-A1C2-97513C0A19CB}
		{1C341F50-B6E7-3278-B3BB-1B84946225CE} = {1C341F50-B6E7-3278-B3BB-1B84946225CE}
		{D616BEB7-863F-3951-B419-82CECB90531F} = {D616BEB7-863F-3951-B419-82CECB90531F}
		{BC9CD033-293C-3979-BE5C-6B62407780F0} = {BC9CD033-293C-3979-BE5C-6B62407780F0}
	EndProjectSection
EndProject
Project("{8BC9CEB8-8B4A-11D0-8D11-00A0C91BC942}") = "INSTALL", "INSTALL.vcxproj", "{6828AE20-131D-312C-868F-92DEEF04034D}"
	ProjectSection(ProjectDependencies) = postProject
		{0F5F5857-C7D9-3355-90C7-EFBE6AFA508B} = {0F5F5857-C7D9-3355-90C7-EFBE6AFA508B}
		{4C0C10FA-5535-359C-BF9C-4D9A06D544BE} = {4C0C10FA-5535-359C-BF9C-4D9A06D544BE}
	EndProjectSection
EndProject
Project("{8BC9CEB8-8B4A-11D0-8D11-00A0C91BC942}") = "ZERO_CHECK", "ZERO_CHECK.vcxproj", "{4C0C10FA-5535-359C-BF9C-4D9A06D544BE}"
	ProjectSection(ProjectDependencies) = postProject
	EndProjectSection
EndProject
Project("{8BC9CEB8-8B4A-11D0-8D11-00A0C91BC942}") = "webp", "webp.vcxproj", "{86DFB9A6-FA85-3E73-86E5-DA5703A4F7A9}"
	ProjectSection(ProjectDependencies) = postProject
		{4C0C10FA-5535-359C-BF9C-4D9A06D544BE} = {4C0C10FA-5535-359C-BF9C-4D9A06D544BE}
		{D0F4533E-88D9-3424-B671-C142DBFB73FA} = {D0F4533E-88D9-3424-B671-C142DBFB73FA}
		{1FE21F83-2D05-359A-A474-01973E604CA1} = {1FE21F83-2D05-359A-A474-01973E604CA1}
		{1C341F50-B6E7-3278-B3BB-1B84946225CE} = {1C341F50-B6E7-3278-B3BB-1B84946225CE}
		{D616BEB7-863F-3951-B419-82CECB90531F} = {D616BEB7-863F-3951-B419-82CECB90531F}
	EndProjectSection
EndProject
Project("{8BC9CEB8-8B4A-11D0-8D11-00A0C91BC942}") = "webpdecode", "webpdecode.vcxproj", "{D0F4533E-88D9-3424-B671-C142DBFB73FA}"
	ProjectSection(ProjectDependencies) = postProject
		{4C0C10FA-5535-359C-BF9C-4D9A06D544BE} = {4C0C10FA-5535-359C-BF9C-4D9A06D544BE}
	EndProjectSection
EndProject
Project("{8BC9CEB8-8B4A-11D0-8D11-00A0C91BC942}") = "webpdecoder", "webpdecoder.vcxproj", "{B5C42F6B-C174-3E8F-A6B4-FF12CFE3AE4F}"
	ProjectSection(ProjectDependencies) = postProject
		{4C0C10FA-5535-359C-BF9C-4D9A06D544BE} = {4C0C10FA-5535-359C-BF9C-4D9A06D544BE}
		{D0F4533E-88D9-3424-B671-C142DBFB73FA} = {D0F4533E-88D9-3424-B671-C142DBFB73FA}
		{62BB7CF1-7358-3583-A1C2-97513C0A19CB} = {62BB7CF1-7358-3583-A1C2-97513C0A19CB}
		{BC9CD033-293C-3979-BE5C-6B62407780F0} = {BC9CD033-293C-3979-BE5C-6B62407780F0}
	EndProjectSection
EndProject
Project("{8BC9CEB8-8B4A-11D0-8D11-00A0C91BC942}") = "webpdemux", "webpdemux.vcxproj", "{0F8083E1-F49E-3B8C-9CE0-D41CB625B699}"
	ProjectSection(ProjectDependencies) = postProject
		{4C0C10FA-5535-359C-BF9C-4D9A06D544BE} = {4C0C10FA-5535-359C-BF9C-4D9A06D544BE}
		{86DFB9A6-FA85-3E73-86E5-DA5703A4F7A9} = {86DFB9A6-FA85-3E73-86E5-DA5703A4F7A9}
	EndProjectSection
EndProject
Project("{8BC9CEB8-8B4A-11D0-8D11-00A0C91BC942}") = "webpdsp", "webpdsp.vcxproj", "{1FE21F83-2D05-359A-A474-01973E604CA1}"
	ProjectSection(ProjectDependencies) = postProject
		{4C0C10FA-5535-359C-BF9C-4D9A06D544BE} = {4C0C10FA-5535-359C-BF9C-4D9A06D544BE}
	EndProjectSection
EndProject
Project("{8BC9CEB8-8B4A-11D0-8D11-00A0C91BC942}") = "webpdspdecode", "webpdspdecode.vcxproj", "{62BB7CF1-7358-3583-A1C2-97513C0A19CB}"
	ProjectSection(ProjectDependencies) = postProject
		{4C0C10FA-5535-359C-BF9C-4D9A06D544BE} = {4C0C10FA-5535-359C-BF9C-4D9A06D544BE}
	EndProjectSection
EndProject
Project("{8BC9CEB8-8B4A-11D0-8D11-00A0C91BC942}") = "webpencode", "webpencode.vcxproj", "{1C341F50-B6E7-3278-B3BB-1B84946225CE}"
	ProjectSection(ProjectDependencies) = postProject
		{4C0C10FA-5535-359C-BF9C-4D9A06D544BE} = {4C0C10FA-5535-359C-BF9C-4D9A06D544BE}
	EndProjectSection
EndProject
Project("{8BC9CEB8-8B4A-11D0-8D11-00A0C91BC942}") = "webputils", "webputils.vcxproj", "{D616BEB7-863F-3951-B419-82CECB90531F}"
	ProjectSection(ProjectDependencies) = postProject
		{4C0C10FA-5535-359C-BF9C-4D9A06D544BE} = {4C0C10FA-5535-359C-BF9C-4D9A06D544BE}
	EndProjectSection
EndProject
Project("{8BC9CEB8-8B4A-11D0-8D11-00A0C91BC942}") = "webputilsdecode", "webputilsdecode.vcxproj", "{BC9CD033-293C-3979-BE5C-6B62407780F0}"
	ProjectSection(ProjectDependencies) = postProject
		{4C0C10FA-5535-359C-BF9C-4D9A06D544BE} = {4C0C10FA-5535-359C-BF9C-4D9A06D544BE}
	EndProjectSection
EndProject
Global
	GlobalSection(SolutionConfigurationPlatforms) = preSolution
		Debug|Win32 = Debug|Win32
		Release|Win32 = Release|Win32
		MinSizeRel|Win32 = MinSizeRel|Win32
		RelWithDebInfo|Win32 = RelWithDebInfo|Win32
	EndGlobalSection
	GlobalSection(ProjectConfigurationPlatforms) = postSolution
		{0F5F5857-C7D9-3355-90C7-EFBE6AFA508B}.Debug|Win32.ActiveCfg = Debug|Win32
		{0F5F5857-C7D9-3355-90C7-EFBE6AFA508B}.Debug|Win32.Build.0 = Debug|Win32
		{0F5F5857-C7D9-3355-90C7-EFBE6AFA508B}.Release|Win32.ActiveCfg = Release|Win32
		{0F5F5857-C7D9-3355-90C7-EFBE6AFA508B}.Release|Win32.Build.0 = Release|Win32
		{0F5F5857-C7D9-3355-90C7-EFBE6AFA508B}.MinSizeRel|Win32.ActiveCfg = MinSizeRel|Win32
		{0F5F5857-C7D9-3355-90C7-EFBE6AFA508B}.MinSizeRel|Win32.Build.0 = MinSizeRel|Win32
		{0F5F5857-C7D9-3355-90C7-EFBE6AFA508B}.RelWithDebInfo|Win32.ActiveCfg = RelWithDebInfo|Win32
		{0F5F5857-C7D9-3355-90C7-EFBE6AFA508B}.RelWithDebInfo|Win32.Build.0 = RelWithDebInfo|Win32
		{6828AE20-131D-312C-868F-92DEEF04034D}.Debug|Win32.ActiveCfg = Debug|Win32
		{6828AE20-131D-312C-868F-92DEEF04034D}.Release|Win32.ActiveCfg = Release|Win32
		{6828AE20-131D-312C-868F-92DEEF04034D}.MinSizeRel|Win32.ActiveCfg = MinSizeRel|Win32
		{6828AE20-131D-312C-868F-92DEEF04034D}.RelWithDebInfo|Win32.ActiveCfg = RelWithDebInfo|Win32
		{4C0C10FA-5535-359C-BF9C-4D9A06D544BE}.Debug|Win32.ActiveCfg = Debug|Win32
		{4C0C10FA-5535-359C-BF9C-4D9A06D544BE}.Debug|Win32.Build.0 = Debug|Win32
		{4C0C10FA-5535-359C-BF9C-4D9A06D544BE}.Release|Win32.ActiveCfg = Release|Win32
		{4C0C10FA-5535-359C-BF9C-4D9A06D544BE}.Release|Win32.Build.0 = Release|Win32
		{4C0C10FA-5535-359C-BF9C-4D9A06D544BE}.MinSizeRel|Win32.ActiveCfg = MinSizeRel|Win32
		{4C0C10FA-5535-359C-BF9C-4D9A06D544BE}.MinSizeRel|Win32.Build.0 = MinSizeRel|Win32
		{4C0C10FA-5535-359C-BF9C-4D9A06D544BE}.RelWithDebInfo|Win32.ActiveCfg = RelWithDebInfo|Win32
		{4C0C10FA-5535-359C-BF9C-4D9A06D544BE}.RelWithDebInfo|Win32.Build.0 = RelWithDebInfo|Win32
		{86DFB9A6-FA85-3E73-86E5-DA5703A4F7A9}.Debug|Win32.ActiveCfg = Debug|Win32
		{86DFB9A6-FA85-3E73-86E5-DA5703A4F7A9}.Debug|Win32.Build.0 = Debug|Win32
		{86DFB9A6-FA85-3E73-86E5-DA5703A4F7A9}.Release|Win32.ActiveCfg = Release|Win32
		{86DFB9A6-FA85-3E73-86E5-DA5703A4F7A9}.Release|Win32.Build.0 = Release|Win32
		{86DFB9A6-FA85-3E73-86E5-DA5703A4F7A9}.MinSizeRel|Win32.ActiveCfg = MinSizeRel|Win32
		{86DFB9A6-FA85-3E73-86E5-DA5703A4F7A9}.MinSizeRel|Win32.Build.0 = MinSizeRel|Win32
		{86DFB9A6-FA85-3E73-86E5-DA5703A4F7A9}.RelWithDebInfo|Win32.ActiveCfg = RelWithDebInfo|Win32
		{86DFB9A6-FA85-3E73-86E5-DA5703A4F7A9}.RelWithDebInfo|Win32.Build.0 = RelWithDebInfo|Win32
		{D0F4533E-88D9-3424-B671-C142DBFB73FA}.Debug|Win32.ActiveCfg = Debug|Win32
		{D0F4533E-88D9-3424-B671-C142DBFB73FA}.Debug|Win32.Build.0 = Debug|Win32
		{D0F4533E-88D9-3424-B671-C142DBFB73FA}.Release|Win32.ActiveCfg = Release|Win32
		{D0F4533E-88D9-3424-B671-C142DBFB73FA}.Release|Win32.Build.0 = Release|Win32
		{D0F4533E-88D9-3424-B671-C142DBFB73FA}.MinSizeRel|Win32.ActiveCfg = MinSizeRel|Win32
		{D0F4533E-88D9-3424-B671-C142DBFB73FA}.MinSizeRel|Win32.Build.0 = MinSizeRel|Win32
		{D0F4533E-88D9-3424-B671-C142DBFB73FA}.RelWithDebInfo|Win32.ActiveCfg = RelWithDebInfo|Win32
		{D0F4533E-88D9-3424-B671-C142DBFB73FA}.RelWithDebInfo|Win32.Build.0 = RelWithDebInfo|Win32
		{B5C42F6B-C174-3E8F-A6B4-FF12CFE3AE4F}.Debug|Win32.ActiveCfg = Debug|Win32
		{B5C42F6B-C174-3E8F-A6B4-FF12CFE3AE4F}.Debug|Win32.Build.0 = Debug|Win32
		{B5C42F6B-C174-3E8F-A6B4-FF12CFE3AE4F}.Release|Win32.ActiveCfg = Release|Win32
		{B5C42F6B-C174-3E8F-A6B4-FF12CFE3AE4F}.Release|Win32.Build.0 = Release|Win32
		{B5C42F6B-C174-3E8F-A6B4-FF12CFE3AE4F}.MinSizeRel|Win32.ActiveCfg = MinSizeRel|Win32
		{B5C42F6B-C174-3E8F-A6B4-FF12CFE3AE4F}.MinSizeRel|Win32.Build.0 = MinSizeRel|Win32
		{B5C42F6B-C174-3E8F-A6B4-FF12CFE3AE4F}.RelWithDebInfo|Win32.ActiveCfg = RelWithDebInfo|Win32
		{B5C42F6B-C174-3E8F-A6B4-FF12CFE3AE4F}.RelWithDebInfo|Win32.Build.0 = RelWithDebInfo|Win32
		{0F8083E1-F49E-3B8C-9CE0-D41CB625B699}.Debug|Win32.ActiveCfg = Debug|Win32
		{0F8083E1-F49E-3B8C-9CE0-D41CB625B699}.Debug|Win32.Build.0 = Debug|Win32
		{0F8083E1-F49E-3B8C-9CE0-D41CB625B699}.Release|Win32.ActiveCfg = Release|Win32
		{0F8083E1-F49E-3B8C-9CE0-D41CB625B699}.Release|Win32.Build.0 = Release|Win32
		{0F8083E1-F49E-3B8C-9CE0-D41CB625B699}.MinSizeRel|Win32.ActiveCfg = MinSizeRel|Win32
		{0F8083E1-F49E-3B8C-9CE0-D41CB625B699}.MinSizeRel|Win32.Build.0 = MinSizeRel|Win32
		{0F8083E1-F49E-3B8C-9CE0-D41CB625B699}.RelWithDebInfo|Win32.ActiveCfg = RelWithDebInfo|Win32
		{0F8083E1-F49E-3B8C-9CE0-D41CB625B699}.RelWithDebInfo|Win32.Build.0 = RelWithDebInfo|Win32
		{1FE21F83-2D05-359A-A474-01973E604CA1}.Debug|Win32.ActiveCfg = Debug|Win32
		{1FE21F83-2D05-359A-A474-01973E604CA1}.Debug|Win32.Build.0 = Debug|Win32
		{1FE21F83-2D05-359A-A474-01973E604CA1}.Release|Win32.ActiveCfg = Release|Win32
		{1FE21F83-2D05-359A-A474-01973E604CA1}.Release|Win32.Build.0 = Release|Win32
		{1FE21F83-2D05-359A-A474-01973E604CA1}.MinSizeRel|Win32.ActiveCfg = MinSizeRel|Win32
		{1FE21F83-2D05-359A-A474-01973E604CA1}.MinSizeRel|Win32.Build.0 = MinSizeRel|Win32
		{1FE21F83-2D05-359A-A474-01973E604CA1}.RelWithDebInfo|Win32.ActiveCfg = RelWithDebInfo|Win32
		{1FE21F83-2D05-359A-A474-01973E604CA1}.RelWithDebInfo|Win32.Build.0 = RelWithDebInfo|Win32
		{62BB7CF1-7358-3583-A1C2-97513C0A19CB}.Debug|Win32.ActiveCfg = Debug|Win32
		{62BB7CF1-7358-3583-A1C2-97513C0A19CB}.Debug|Win32.Build.0 = Debug|Win32
		{62BB7CF1-7358-3583-A1C2-97513C0A19CB}.Release|Win32.ActiveCfg = Release|Win32
		{62BB7CF1-7358-3583-A1C2-97513C0A19CB}.Release|Win32.Build.0 = Release|Win32
		{62BB7CF1-7358-3583-A1C2-97513C0A19CB}.MinSizeRel|Win32.ActiveCfg = MinSizeRel|Win32
		{62BB7CF1-7358-3583-A1C2-97513C0A19CB}.MinSizeRel|Win32.Build.0 = MinSizeRel|Win32
		{62BB7CF1-7358-3583-A1C2-97513C0A19CB}.RelWithDebInfo|Win32.ActiveCfg = RelWithDebInfo|Win32
		{62BB7CF1-7358-3583-A1C2-97513C0A19CB}.RelWithDebInfo|Win32.Build.0 = RelWithDebInfo|Win32
		{1C341F50-B6E7-3278-B3BB-1B84946225CE}.Debug|Win32.ActiveCfg = Debug|Win32
		{1C341F50-B6E7-3278-B3BB-1B84946225CE}.Debug|Win32.Build.0 = Debug|Win32
		{1C341F50-B6E7-3278-B3BB-1B84946225CE}.Release|Win32.ActiveCfg = Release|Win32
		{1C341F50-B6E7-3278-B3BB-1B84946225CE}.Release|Win32.Build.0 = Release|Win32
		{1C341F50-B6E7-3278-B3BB-1B84946225CE}.MinSizeRel|Win32.ActiveCfg = MinSizeRel|Win32
		{1C341F50-B6E7-3278-B3BB-1B84946225CE}.MinSizeRel|Win32.Build.0 = MinSizeRel|Win32
		{1C341F50-B6E7-3278-B3BB-1B84946225CE}.RelWithDebInfo|Win32.ActiveCfg = RelWithDebInfo|Win32
		{1C341F50-B6E7-3278-B3BB-1B84946225CE}.RelWithDebInfo|Win32.Build.0 = RelWithDebInfo|Win32
		{D616BEB7-863F-3951-B419-82CECB90531F}.Debug|Win32.ActiveCfg = Debug|Win32
		{D616BEB7-863F-3951-B419-82CECB90531F}.Debug|Win32.Build.0 = Debug|Win32
		{D616BEB7-863F-3951-B419-82CECB90531F}.Release|Win32.ActiveCfg = Release|Win32
		{D616BEB7-863F-3951-B419-82CECB90531F}.Release|Win32.Build.0 = Release|Win32
		{D616BEB7-863F-3951-B419-82CECB90531F}.MinSizeRel|Win32.ActiveCfg = MinSizeRel|Win32
		{D616BEB7-863F-3951-B419-82CECB90531F}.MinSizeRel|Win32.Build.0 = MinSizeRel|Win32
		{D616BEB7-863F-3951-B419-82CECB90531F}.RelWithDebInfo|Win32.ActiveCfg = RelWithDebInfo|Win32
		{D616BEB7-863F-3951-B419-82CECB90531F}.RelWithDebInfo|Win32.Build.0 = RelWithDebInfo|Win32
		{BC9CD033-293C-3979-BE5C-6B62407780F0}.Debug|Win32.ActiveCfg = Debug|Win32
		{BC9CD033-293C-3979-BE5C-6B62407780F0}.Debug|Win32.Build.0 = Debug|Win32
		{BC9CD033-293C-3979-BE5C-6B62407780F0}.Release|Win32.ActiveCfg = Release|Win32
		{BC9CD033-293C-3979-BE5C-6B62407780F0}.Release|Win32.Build.0 = Release|Win32
		{BC9CD033-293C-3979-BE5C-6B62407780F0}.MinSizeRel|Win32.ActiveCfg = MinSizeRel|Win32
		{BC9CD033-293C-3979-BE5C-6B62407780F0}.MinSizeRel|Win32.Build.0 = MinSizeRel|Win32
		{BC9CD033-293C-3979-BE5C-6B62407780F0}.RelWithDebInfo|Win32.ActiveCfg = RelWithDebInfo|Win32
		{BC9CD033-293C-3979-BE5C-6B62407780F0}.RelWithDebInfo|Win32.Build.0 = RelWithDebInfo|Win32
	EndGlobalSection
	GlobalSection(ExtensibilityGlobals) = postSolution
		SolutionGuid = {F2825704-FFE8-35CE-94B1-BF3461208E7C}
	EndGlobalSection
	GlobalSection(ExtensibilityAddIns) = postSolution
	EndGlobalSection
EndGlobal
