<?xml version="1.0" encoding="UTF-8" standalone="yes" ?>
<CodeBlocks_project_file>
	<FileVersion major="1" minor="6" />
	<Project>
		<Option title="dubremover" />
		<Option pch_mode="2" />
		<Option compiler="gcc" />
		<Build>
			<Target title="Debug">
				<Option output="../../scripts/finder/bin/dubremover_d" prefix_auto="1" extension_auto="1" />
				<Option working_dir="../../scripts/finder/bin" />
				<Option object_output="../../obj/DebugU" />
				<Option type="1" />
				<Option compiler="gcc" />
				<Compiler>
					<Add option="-g" />
				</Compiler>
			</Target>
			<Target title="Release">
				<Option output="../../scripts/finder/bin/dubremover" prefix_auto="1" extension_auto="1" />
				<Option working_dir="../../scripts/finder/bin" />
				<Option object_output="../../obj/ReleaseU" />
				<Option type="1" />
				<Option compiler="gcc" />
				<Option parameters="missing.txt out.txt" />
				<Compiler>
					<Add option="-O2" />
				</Compiler>
				<Linker>
					<Add option="-s" />
				</Linker>
			</Target>
		</Build>
		<Compiler>
			<Add option="-Wall" />
		</Compiler>
		<Unit filename="../../source/dubremover.c">
			<Option compilerVar="CC" />
		</Unit>
		<Extensions>
			<code_completion />
			<envvars />
			<debugger />
		</Extensions>
	</Project>
</CodeBlocks_project_file>
