<?xml version="1.0" encoding="UTF-8" standalone="yes" ?>
<CodeBlocks_project_file>
	<FileVersion major="1" minor="6" />
	<Project>
		<Option title="7-ZIP" />
		<Option platforms="Windows;" />
		<Option makefile="makefile" />
		<Option compiler="gcc" />
		<Build>
			<Target title="Win32 Release">
				<Option platforms="Windows;" />
				<Option output="../../lib/Release/7Z" prefix_auto="1" extension_auto="1" />
				<Option working_dir="" />
				<Option object_output="../../obj/Release/7Z" />
				<Option type="2" />
				<Option compiler="gcc" />
				<Compiler>
					<Add option="-fomit-frame-pointer" />
					<Add option="-fexpensive-optimizations" />
					<Add option="-O3" />
					<Add option="-m32" />
					<Add option="-DNDEBUG" />
				</Compiler>
				<Linker>
					<Add option="-s" />
				</Linker>
			</Target>
			<Target title="Win32 Debug">
				<Option platforms="Windows;" />
				<Option output="../../lib/Debug/7Z" prefix_auto="1" extension_auto="1" />
				<Option working_dir="" />
				<Option object_output="../../obj/Debug/7Z" />
				<Option type="2" />
				<Option compiler="gcc" />
				<Compiler>
					<Add option="-pg" />
					<Add option="-g" />
					<Add option="-m32" />
					<Add option="-D_DEBUG" />
				</Compiler>
				<Linker>
					<Add option="-pg -lgmon" />
				</Linker>
			</Target>
			<Target title="Win64 Release">
				<Option platforms="Windows;" />
				<Option output="../../lib/Release64/7Z" prefix_auto="1" extension_auto="1" />
				<Option working_dir="" />
				<Option object_output="../../obj/Release64/7Z" />
				<Option type="2" />
				<Option compiler="gcc_64" />
				<Compiler>
					<Add option="-fomit-frame-pointer" />
					<Add option="-fexpensive-optimizations" />
					<Add option="-O3" />
					<Add option="-m64" />
					<Add option="-DNDEBUG" />
				</Compiler>
				<Linker>
					<Add option="-s" />
				</Linker>
			</Target>
			<Target title="Win64 Debug">
				<Option platforms="Windows;" />
				<Option output="../../lib/Debug64/7Z" prefix_auto="1" extension_auto="1" />
				<Option working_dir="" />
				<Option object_output="../../obj/Debug64/7Z" />
				<Option type="2" />
				<Option compiler="gcc_64" />
				<Compiler>
					<Add option="-pg" />
					<Add option="-g" />
					<Add option="-m64" />
					<Add option="-D_DEBUG" />
				</Compiler>
			</Target>
			<Target title="Win32 Console">
				<Option platforms="Windows;" />
				<Option output="../../lib/Console/7Z" prefix_auto="1" extension_auto="1" />
				<Option working_dir="" />
				<Option object_output="../../obj/Console/7Z" />
				<Option type="2" />
				<Option compiler="gcc" />
				<Compiler>
					<Add option="-fomit-frame-pointer" />
					<Add option="-fexpensive-optimizations" />
					<Add option="-O3" />
					<Add option="-m32" />
					<Add option="-DNDEBUG" />
				</Compiler>
				<Linker>
					<Add option="-s" />
				</Linker>
			</Target>
		</Build>
		<Compiler>
			<Add option="-W" />
			<Add option="-Wno-missing-field-initializers" />
			<Add option="-Wno-maybe-uninitialized" />
			<Add option="-Wno-ignored-qualifiers" />
			<Add option="-Wno-attributes" />
			<Add option="-Wno-sign-compare" />
			<Add option="-Wno-type-limits" />
			<Add option="-Wno-empty-body" />
			<Add option="-fexceptions" />
			<Add option="-DWIN32" />
			<Add option="-D_CONSOLE" />
			<Add option="-DEXCLUDE_COM" />
			<Add option="-DNO_REGISTRY" />
			<Add option="-D_MBCS" />
			<Add option="-D_UNICODE" />
			<Add option="-DUNICODE" />
			<Add option="-D_NO_CRYPTO" />
			<Add option="-DEXTRACT_ONLY" />
			<Add option="-DPROG_VARIANT_R" />
			<Add directory="../../../" />
		</Compiler>
		<Unit filename="../../external/SevenZ/CPP/7zip/Archive/7z/7zCompressionMode.cpp" />
		<Unit filename="../../external/SevenZ/CPP/7zip/Archive/7z/7zCompressionMode.h" />
		<Unit filename="../../external/SevenZ/CPP/7zip/Archive/7z/7zDecode.cpp" />
		<Unit filename="../../external/SevenZ/CPP/7zip/Archive/7z/7zDecode.h" />
		<Unit filename="../../external/SevenZ/CPP/7zip/Archive/7z/7zEncode.h" />
		<Unit filename="../../external/SevenZ/CPP/7zip/Archive/7z/7zExtract.cpp" />
		<Unit filename="../../external/SevenZ/CPP/7zip/Archive/7z/7zFolderInStream.cpp" />
		<Unit filename="../../external/SevenZ/CPP/7zip/Archive/7z/7zFolderInStream.h" />
		<Unit filename="../../external/SevenZ/CPP/7zip/Archive/7z/7zHandler.cpp" />
		<Unit filename="../../external/SevenZ/CPP/7zip/Archive/7z/7zHandler.h" />
		<Unit filename="../../external/SevenZ/CPP/7zip/Archive/7z/7zHeader.cpp" />
		<Unit filename="../../external/SevenZ/CPP/7zip/Archive/7z/7zHeader.h" />
		<Unit filename="../../external/SevenZ/CPP/7zip/Archive/7z/7zIn.cpp" />
		<Unit filename="../../external/SevenZ/CPP/7zip/Archive/7z/7zIn.h" />
		<Unit filename="../../external/SevenZ/CPP/7zip/Archive/7z/7zItem.h" />
		<Unit filename="../../external/SevenZ/CPP/7zip/Archive/7z/7zOut.h" />
		<Unit filename="../../external/SevenZ/CPP/7zip/Archive/7z/7zProperties.cpp" />
		<Unit filename="../../external/SevenZ/CPP/7zip/Archive/7z/7zProperties.h" />
		<Unit filename="../../external/SevenZ/CPP/7zip/Archive/7z/7zRegister.cpp" />
		<Unit filename="../../external/SevenZ/CPP/7zip/Archive/7z/7zSpecStream.h" />
		<Unit filename="../../external/SevenZ/CPP/7zip/Archive/7z/7zUpdate.h" />
		<Unit filename="../../external/SevenZ/CPP/7zip/Archive/7z/StdAfx.h" />
		<Unit filename="../../external/SevenZ/CPP/7zip/Archive/Common/CoderMixer2.cpp" />
		<Unit filename="../../external/SevenZ/CPP/7zip/Archive/Common/CoderMixer2.h" />
		<Unit filename="../../external/SevenZ/CPP/7zip/Archive/Common/DummyOutStream.cpp" />
		<Unit filename="../../external/SevenZ/CPP/7zip/Archive/Common/DummyOutStream.h" />
		<Unit filename="../../external/SevenZ/CPP/7zip/Archive/Common/HandlerOut.h" />
		<Unit filename="../../external/SevenZ/CPP/7zip/Archive/Common/InStreamWithCRC.cpp" />
		<Unit filename="../../external/SevenZ/CPP/7zip/Archive/Common/InStreamWithCRC.h" />
		<Unit filename="../../external/SevenZ/CPP/7zip/Archive/Common/ItemNameUtils.cpp" />
		<Unit filename="../../external/SevenZ/CPP/7zip/Archive/Common/ItemNameUtils.h" />
		<Unit filename="../../external/SevenZ/CPP/7zip/Archive/Common/MultiStream.cpp" />
		<Unit filename="../../external/SevenZ/CPP/7zip/Archive/Common/MultiStream.h" />
		<Unit filename="../../external/SevenZ/CPP/7zip/Archive/Common/OutStreamWithCRC.cpp" />
		<Unit filename="../../external/SevenZ/CPP/7zip/Archive/Common/OutStreamWithCRC.h" />
		<Unit filename="../../external/SevenZ/CPP/7zip/Archive/Common/ParseProperties.cpp" />
		<Unit filename="../../external/SevenZ/CPP/7zip/Archive/Common/ParseProperties.h" />
		<Unit filename="../../external/SevenZ/CPP/7zip/Archive/Common/StdAfx.h" />
		<Unit filename="../../external/SevenZ/CPP/7zip/Archive/IArchive.h" />
		<Unit filename="../../external/SevenZ/CPP/7zip/Archive/LzmaHandler.cpp" />
		<Unit filename="../../external/SevenZ/CPP/7zip/Archive/StdAfx.h" />
		<Unit filename="../../external/SevenZ/CPP/7zip/Bundles/Alone7z/StdAfx.cpp" />
		<Unit filename="../../external/SevenZ/CPP/7zip/Bundles/Alone7z/StdAfx.h" />
		<Unit filename="../../external/SevenZ/CPP/7zip/Bundles/Alone7z/resource.rc">
			<Option compilerVar="WINDRES" />
		</Unit>
		<Unit filename="../../external/SevenZ/CPP/7zip/Common/CWrappers.cpp" />
		<Unit filename="../../external/SevenZ/CPP/7zip/Common/CWrappers.h" />
		<Unit filename="../../external/SevenZ/CPP/7zip/Common/CreateCoder.cpp" />
		<Unit filename="../../external/SevenZ/CPP/7zip/Common/CreateCoder.h" />
		<Unit filename="../../external/SevenZ/CPP/7zip/Common/FilePathAutoRename.cpp" />
		<Unit filename="../../external/SevenZ/CPP/7zip/Common/FilePathAutoRename.h" />
		<Unit filename="../../external/SevenZ/CPP/7zip/Common/FileStreams.cpp" />
		<Unit filename="../../external/SevenZ/CPP/7zip/Common/FileStreams.h" />
		<Unit filename="../../external/SevenZ/CPP/7zip/Common/FilterCoder.cpp" />
		<Unit filename="../../external/SevenZ/CPP/7zip/Common/FilterCoder.h" />
		<Unit filename="../../external/SevenZ/CPP/7zip/Common/InBuffer.cpp" />
		<Unit filename="../../external/SevenZ/CPP/7zip/Common/InBuffer.h" />
		<Unit filename="../../external/SevenZ/CPP/7zip/Common/InOutTempBuffer.cpp" />
		<Unit filename="../../external/SevenZ/CPP/7zip/Common/InOutTempBuffer.h" />
		<Unit filename="../../external/SevenZ/CPP/7zip/Common/LimitedStreams.cpp" />
		<Unit filename="../../external/SevenZ/CPP/7zip/Common/LimitedStreams.h" />
		<Unit filename="../../external/SevenZ/CPP/7zip/Common/LockedStream.cpp" />
		<Unit filename="../../external/SevenZ/CPP/7zip/Common/LockedStream.h" />
		<Unit filename="../../external/SevenZ/CPP/7zip/Common/MethodId.cpp" />
		<Unit filename="../../external/SevenZ/CPP/7zip/Common/MethodId.h" />
		<Unit filename="../../external/SevenZ/CPP/7zip/Common/MethodProps.cpp" />
		<Unit filename="../../external/SevenZ/CPP/7zip/Common/MethodProps.h" />
		<Unit filename="../../external/SevenZ/CPP/7zip/Common/OffsetStream.cpp" />
		<Unit filename="../../external/SevenZ/CPP/7zip/Common/OffsetStream.h" />
		<Unit filename="../../external/SevenZ/CPP/7zip/Common/OutBuffer.cpp" />
		<Unit filename="../../external/SevenZ/CPP/7zip/Common/OutBuffer.h" />
		<Unit filename="../../external/SevenZ/CPP/7zip/Common/ProgressUtils.cpp" />
		<Unit filename="../../external/SevenZ/CPP/7zip/Common/ProgressUtils.h" />
		<Unit filename="../../external/SevenZ/CPP/7zip/Common/PropId.cpp" />
		<Unit filename="../../external/SevenZ/CPP/7zip/Common/RegisterArc.h" />
		<Unit filename="../../external/SevenZ/CPP/7zip/Common/RegisterCodec.h" />
		<Unit filename="../../external/SevenZ/CPP/7zip/Common/StdAfx.h" />
		<Unit filename="../../external/SevenZ/CPP/7zip/Common/StreamBinder.cpp" />
		<Unit filename="../../external/SevenZ/CPP/7zip/Common/StreamBinder.h" />
		<Unit filename="../../external/SevenZ/CPP/7zip/Common/StreamObjects.cpp" />
		<Unit filename="../../external/SevenZ/CPP/7zip/Common/StreamObjects.h" />
		<Unit filename="../../external/SevenZ/CPP/7zip/Common/StreamUtils.cpp" />
		<Unit filename="../../external/SevenZ/CPP/7zip/Common/StreamUtils.h" />
		<Unit filename="../../external/SevenZ/CPP/7zip/Common/UniqBlocks.cpp" />
		<Unit filename="../../external/SevenZ/CPP/7zip/Common/UniqBlocks.h" />
		<Unit filename="../../external/SevenZ/CPP/7zip/Common/VirtThread.cpp" />
		<Unit filename="../../external/SevenZ/CPP/7zip/Common/VirtThread.h" />
		<Unit filename="../../external/SevenZ/CPP/7zip/Compress/Bcj2Coder.cpp" />
		<Unit filename="../../external/SevenZ/CPP/7zip/Compress/Bcj2Coder.h" />
		<Unit filename="../../external/SevenZ/CPP/7zip/Compress/Bcj2Register.cpp" />
		<Unit filename="../../external/SevenZ/CPP/7zip/Compress/BcjCoder.cpp" />
		<Unit filename="../../external/SevenZ/CPP/7zip/Compress/BcjCoder.h" />
		<Unit filename="../../external/SevenZ/CPP/7zip/Compress/BcjRegister.cpp" />
		<Unit filename="../../external/SevenZ/CPP/7zip/Compress/BranchMisc.cpp" />
		<Unit filename="../../external/SevenZ/CPP/7zip/Compress/BranchMisc.h" />
		<Unit filename="../../external/SevenZ/CPP/7zip/Compress/BranchRegister.cpp" />
		<Unit filename="../../external/SevenZ/CPP/7zip/Compress/ByteSwap.cpp" />
		<Unit filename="../../external/SevenZ/CPP/7zip/Compress/CopyCoder.cpp" />
		<Unit filename="../../external/SevenZ/CPP/7zip/Compress/CopyCoder.h" />
		<Unit filename="../../external/SevenZ/CPP/7zip/Compress/CopyRegister.cpp" />
		<Unit filename="../../external/SevenZ/CPP/7zip/Compress/DeltaFilter.cpp" />
		<Unit filename="../../external/SevenZ/CPP/7zip/Compress/Lzma2Decoder.cpp" />
		<Unit filename="../../external/SevenZ/CPP/7zip/Compress/Lzma2Decoder.h" />
		<Unit filename="../../external/SevenZ/CPP/7zip/Compress/Lzma2Encoder.h" />
		<Unit filename="../../external/SevenZ/CPP/7zip/Compress/Lzma2Register.cpp" />
		<Unit filename="../../external/SevenZ/CPP/7zip/Compress/LzmaDecoder.cpp" />
		<Unit filename="../../external/SevenZ/CPP/7zip/Compress/LzmaDecoder.h" />
		<Unit filename="../../external/SevenZ/CPP/7zip/Compress/LzmaEncoder.h" />
		<Unit filename="../../external/SevenZ/CPP/7zip/Compress/LzmaRegister.cpp" />
		<Unit filename="../../external/SevenZ/CPP/7zip/Compress/PpmdDecoder.h" />
		<Unit filename="../../external/SevenZ/CPP/7zip/Compress/PpmdRegister.cpp" />
		<Unit filename="../../external/SevenZ/CPP/7zip/Compress/StdAfx.h" />
		<Unit filename="../../external/SevenZ/CPP/7zip/ICoder.h" />
		<Unit filename="../../external/SevenZ/CPP/7zip/IDecl.h" />
		<Unit filename="../../external/SevenZ/CPP/7zip/IPassword.h" />
		<Unit filename="../../external/SevenZ/CPP/7zip/IProgress.h" />
		<Unit filename="../../external/SevenZ/CPP/7zip/IStream.h" />
		<Unit filename="../../external/SevenZ/CPP/7zip/MyVersion.h" />
		<Unit filename="../../external/SevenZ/CPP/7zip/PropID.h" />
		<Unit filename="../../external/SevenZ/CPP/7zip/UI/Common/ArchiveCommandLine.cpp" />
		<Unit filename="../../external/SevenZ/CPP/7zip/UI/Common/ArchiveCommandLine.h" />
		<Unit filename="../../external/SevenZ/CPP/7zip/UI/Common/ArchiveExtractCallback.cpp" />
		<Unit filename="../../external/SevenZ/CPP/7zip/UI/Common/ArchiveExtractCallback.h" />
		<Unit filename="../../external/SevenZ/CPP/7zip/UI/Common/ArchiveName.h" />
		<Unit filename="../../external/SevenZ/CPP/7zip/UI/Common/ArchiveOpenCallback.cpp" />
		<Unit filename="../../external/SevenZ/CPP/7zip/UI/Common/ArchiveOpenCallback.h" />
		<Unit filename="../../external/SevenZ/CPP/7zip/UI/Common/Bench.h" />
		<Unit filename="../../external/SevenZ/CPP/7zip/UI/Common/DefaultName.cpp" />
		<Unit filename="../../external/SevenZ/CPP/7zip/UI/Common/DefaultName.h" />
		<Unit filename="../../external/SevenZ/CPP/7zip/UI/Common/DirItem.h" />
		<Unit filename="../../external/SevenZ/CPP/7zip/UI/Common/EnumDirItems.cpp" />
		<Unit filename="../../external/SevenZ/CPP/7zip/UI/Common/EnumDirItems.h" />
		<Unit filename="../../external/SevenZ/CPP/7zip/UI/Common/ExitCode.h" />
		<Unit filename="../../external/SevenZ/CPP/7zip/UI/Common/Extract.cpp" />
		<Unit filename="../../external/SevenZ/CPP/7zip/UI/Common/Extract.h" />
		<Unit filename="../../external/SevenZ/CPP/7zip/UI/Common/ExtractMode.h" />
		<Unit filename="../../external/SevenZ/CPP/7zip/UI/Common/ExtractingFilePath.cpp" />
		<Unit filename="../../external/SevenZ/CPP/7zip/UI/Common/ExtractingFilePath.h" />
		<Unit filename="../../external/SevenZ/CPP/7zip/UI/Common/HashCalc.cpp" />
		<Unit filename="../../external/SevenZ/CPP/7zip/UI/Common/HashCalc.h" />
		<Unit filename="../../external/SevenZ/CPP/7zip/UI/Common/IFileExtractCallback.h" />
		<Unit filename="../../external/SevenZ/CPP/7zip/UI/Common/LoadCodecs.cpp" />
		<Unit filename="../../external/SevenZ/CPP/7zip/UI/Common/LoadCodecs.h" />
		<Unit filename="../../external/SevenZ/CPP/7zip/UI/Common/OpenArchive.cpp" />
		<Unit filename="../../external/SevenZ/CPP/7zip/UI/Common/OpenArchive.h" />
		<Unit filename="../../external/SevenZ/CPP/7zip/UI/Common/PropIDUtils.cpp" />
		<Unit filename="../../external/SevenZ/CPP/7zip/UI/Common/PropIDUtils.h" />
		<Unit filename="../../external/SevenZ/CPP/7zip/UI/Common/Property.h" />
		<Unit filename="../../external/SevenZ/CPP/7zip/UI/Common/SetProperties.cpp" />
		<Unit filename="../../external/SevenZ/CPP/7zip/UI/Common/SetProperties.h" />
		<Unit filename="../../external/SevenZ/CPP/7zip/UI/Common/SortUtils.cpp" />
		<Unit filename="../../external/SevenZ/CPP/7zip/UI/Common/SortUtils.h" />
		<Unit filename="../../external/SevenZ/CPP/7zip/UI/Common/StdAfx.h" />
		<Unit filename="../../external/SevenZ/CPP/7zip/UI/Common/TempFiles.cpp" />
		<Unit filename="../../external/SevenZ/CPP/7zip/UI/Common/TempFiles.h" />
		<Unit filename="../../external/SevenZ/CPP/7zip/UI/Common/Update.h" />
		<Unit filename="../../external/SevenZ/CPP/7zip/UI/Common/UpdateAction.h" />
		<Unit filename="../../external/SevenZ/CPP/7zip/UI/Common/UpdateCallback.h" />
		<Unit filename="../../external/SevenZ/CPP/7zip/UI/Common/UpdatePair.h" />
		<Unit filename="../../external/SevenZ/CPP/7zip/UI/Common/UpdateProduce.h" />
		<Unit filename="../../external/SevenZ/CPP/7zip/UI/Common/WorkDir.cpp" />
		<Unit filename="../../external/SevenZ/CPP/7zip/UI/Common/WorkDir.h" />
		<Unit filename="../../external/SevenZ/CPP/7zip/UI/Common/ZipRegistry.h" />
		<Unit filename="../../external/SevenZ/CPP/7zip/UI/Console/BenchCon.h" />
		<Unit filename="../../external/SevenZ/CPP/7zip/UI/Console/ConsoleClose.cpp" />
		<Unit filename="../../external/SevenZ/CPP/7zip/UI/Console/ConsoleClose.h" />
		<Unit filename="../../external/SevenZ/CPP/7zip/UI/Console/ExtractCallbackConsole.cpp" />
		<Unit filename="../../external/SevenZ/CPP/7zip/UI/Console/ExtractCallbackConsole.h" />
		<Unit filename="../../external/SevenZ/CPP/7zip/UI/Console/HashCon.cpp" />
		<Unit filename="../../external/SevenZ/CPP/7zip/UI/Console/HashCon.h" />
		<Unit filename="../../external/SevenZ/CPP/7zip/UI/Console/List.h" />
		<Unit filename="../../external/SevenZ/CPP/7zip/UI/Console/Main.cpp" />
		<Unit filename="../../external/SevenZ/CPP/7zip/UI/Console/MainAr.cpp" />
		<Unit filename="../../external/SevenZ/CPP/7zip/UI/Console/OpenCallbackConsole.cpp" />
		<Unit filename="../../external/SevenZ/CPP/7zip/UI/Console/OpenCallbackConsole.h" />
		<Unit filename="../../external/SevenZ/CPP/7zip/UI/Console/PercentPrinter.cpp" />
		<Unit filename="../../external/SevenZ/CPP/7zip/UI/Console/PercentPrinter.h" />
		<Unit filename="../../external/SevenZ/CPP/7zip/UI/Console/StdAfx.h" />
		<Unit filename="../../external/SevenZ/CPP/7zip/UI/Console/UpdateCallbackConsole.cpp" />
		<Unit filename="../../external/SevenZ/CPP/7zip/UI/Console/UpdateCallbackConsole.h" />
		<Unit filename="../../external/SevenZ/CPP/7zip/UI/Console/UserInputUtils.cpp" />
		<Unit filename="../../external/SevenZ/CPP/7zip/UI/Console/UserInputUtils.h" />
		<Unit filename="../../external/SevenZ/CPP/Common/AutoPtr.h" />
		<Unit filename="../../external/SevenZ/CPP/Common/CRC.cpp" />
		<Unit filename="../../external/SevenZ/CPP/Common/ComTry.h" />
		<Unit filename="../../external/SevenZ/CPP/Common/CommandLineParser.cpp" />
		<Unit filename="../../external/SevenZ/CPP/Common/CommandLineParser.h" />
		<Unit filename="../../external/SevenZ/CPP/Common/Common.h" />
		<Unit filename="../../external/SevenZ/CPP/Common/Defs.h" />
		<Unit filename="../../external/SevenZ/CPP/Common/DynamicBuffer.h" />
		<Unit filename="../../external/SevenZ/CPP/Common/IntToString.cpp" />
		<Unit filename="../../external/SevenZ/CPP/Common/IntToString.h" />
		<Unit filename="../../external/SevenZ/CPP/Common/ListFileUtils.cpp" />
		<Unit filename="../../external/SevenZ/CPP/Common/ListFileUtils.h" />
		<Unit filename="../../external/SevenZ/CPP/Common/MyBuffer.h" />
		<Unit filename="../../external/SevenZ/CPP/Common/MyCom.h" />
		<Unit filename="../../external/SevenZ/CPP/Common/MyException.h" />
		<Unit filename="../../external/SevenZ/CPP/Common/MyGuidDef.h" />
		<Unit filename="../../external/SevenZ/CPP/Common/MyInitGuid.h" />
		<Unit filename="../../external/SevenZ/CPP/Common/MyString.cpp" />
		<Unit filename="../../external/SevenZ/CPP/Common/MyString.h" />
		<Unit filename="../../external/SevenZ/CPP/Common/MyTypes.h" />
		<Unit filename="../../external/SevenZ/CPP/Common/MyUnknown.h" />
		<Unit filename="../../external/SevenZ/CPP/Common/MyVector.cpp" />
		<Unit filename="../../external/SevenZ/CPP/Common/MyVector.h" />
		<Unit filename="../../external/SevenZ/CPP/Common/MyWindows.h" />
		<Unit filename="../../external/SevenZ/CPP/Common/NewHandler.cpp" />
		<Unit filename="../../external/SevenZ/CPP/Common/NewHandler.h" />
		<Unit filename="../../external/SevenZ/CPP/Common/StdAfx.h" />
		<Unit filename="../../external/SevenZ/CPP/Common/StdInStream.cpp" />
		<Unit filename="../../external/SevenZ/CPP/Common/StdInStream.h" />
		<Unit filename="../../external/SevenZ/CPP/Common/StdOutStream.cpp" />
		<Unit filename="../../external/SevenZ/CPP/Common/StdOutStream.h" />
		<Unit filename="../../external/SevenZ/CPP/Common/StringConvert.cpp" />
		<Unit filename="../../external/SevenZ/CPP/Common/StringConvert.h" />
		<Unit filename="../../external/SevenZ/CPP/Common/StringToInt.cpp" />
		<Unit filename="../../external/SevenZ/CPP/Common/StringToInt.h" />
		<Unit filename="../../external/SevenZ/CPP/Common/UTFConvert.cpp" />
		<Unit filename="../../external/SevenZ/CPP/Common/UTFConvert.h" />
		<Unit filename="../../external/SevenZ/CPP/Common/Wildcard.cpp" />
		<Unit filename="../../external/SevenZ/CPP/Common/Wildcard.h" />
		<Unit filename="../../external/SevenZ/CPP/Windows/DLL.cpp" />
		<Unit filename="../../external/SevenZ/CPP/Windows/DLL.h" />
		<Unit filename="../../external/SevenZ/CPP/Windows/Defs.h" />
		<Unit filename="../../external/SevenZ/CPP/Windows/ErrorMsg.cpp" />
		<Unit filename="../../external/SevenZ/CPP/Windows/ErrorMsg.h" />
		<Unit filename="../../external/SevenZ/CPP/Windows/FileDir.cpp" />
		<Unit filename="../../external/SevenZ/CPP/Windows/FileDir.h" />
		<Unit filename="../../external/SevenZ/CPP/Windows/FileFind.cpp" />
		<Unit filename="../../external/SevenZ/CPP/Windows/FileFind.h" />
		<Unit filename="../../external/SevenZ/CPP/Windows/FileIO.cpp" />
		<Unit filename="../../external/SevenZ/CPP/Windows/FileIO.h" />
		<Unit filename="../../external/SevenZ/CPP/Windows/FileLink.cpp" />
		<Unit filename="../../external/SevenZ/CPP/Windows/FileMapping.h" />
		<Unit filename="../../external/SevenZ/CPP/Windows/FileName.cpp" />
		<Unit filename="../../external/SevenZ/CPP/Windows/FileName.h" />
		<Unit filename="../../external/SevenZ/CPP/Windows/Handle.h" />
		<Unit filename="../../external/SevenZ/CPP/Windows/MemoryLock.cpp" />
		<Unit filename="../../external/SevenZ/CPP/Windows/MemoryLock.h" />
		<Unit filename="../../external/SevenZ/CPP/Windows/NtCheck.h" />
		<Unit filename="../../external/SevenZ/CPP/Windows/PropVariant.cpp" />
		<Unit filename="../../external/SevenZ/CPP/Windows/PropVariant.h" />
		<Unit filename="../../external/SevenZ/CPP/Windows/PropVariantConv.cpp" />
		<Unit filename="../../external/SevenZ/CPP/Windows/PropVariantConv.h" />
		<Unit filename="../../external/SevenZ/CPP/Windows/SecurityUtils.cpp" />
		<Unit filename="../../external/SevenZ/CPP/Windows/SecurityUtils.h" />
		<Unit filename="../../external/SevenZ/CPP/Windows/StdAfx.h" />
		<Unit filename="../../external/SevenZ/CPP/Windows/Synchronization.cpp" />
		<Unit filename="../../external/SevenZ/CPP/Windows/Synchronization.h" />
		<Unit filename="../../external/SevenZ/CPP/Windows/System.cpp" />
		<Unit filename="../../external/SevenZ/CPP/Windows/System.h" />
		<Unit filename="../../external/SevenZ/CPP/Windows/Thread.h" />
		<Unit filename="../../external/SevenZ/CPP/Windows/TimeUtils.cpp" />
		<Unit filename="../../external/SevenZ/CPP/Windows/TimeUtils.h" />
		<Unit filename="../../external/SevenZ/C/7z.h" />
		<Unit filename="../../external/SevenZ/C/7zAlloc.c">
			<Option compilerVar="CC" />
		</Unit>
		<Unit filename="../../external/SevenZ/C/7zAlloc.h" />
		<Unit filename="../../external/SevenZ/C/7zArcIn.c">
			<Option compilerVar="CC" />
		</Unit>
		<Unit filename="../../external/SevenZ/C/7zBuf.c">
			<Option compilerVar="CC" />
		</Unit>
		<Unit filename="../../external/SevenZ/C/7zBuf.h" />
		<Unit filename="../../external/SevenZ/C/7zCrc.c">
			<Option compilerVar="CC" />
		</Unit>
		<Unit filename="../../external/SevenZ/C/7zCrc.h" />
		<Unit filename="../../external/SevenZ/C/7zCrcOpt.c">
			<Option compilerVar="CC" />
		</Unit>
		<Unit filename="../../external/SevenZ/C/7zDec.c">
			<Option compilerVar="CC" />
		</Unit>
		<Unit filename="../../external/SevenZ/C/7zFile.c">
			<Option compilerVar="CC" />
		</Unit>
		<Unit filename="../../external/SevenZ/C/7zFile.h" />
		<Unit filename="../../external/SevenZ/C/7zStream.c">
			<Option compilerVar="CC" />
		</Unit>
		<Unit filename="../../external/SevenZ/C/7zTypes.h" />
		<Unit filename="../../external/SevenZ/C/7zVersion.h" />
		<Unit filename="../../external/SevenZ/C/Alloc.c">
			<Option compilerVar="CC" />
		</Unit>
		<Unit filename="../../external/SevenZ/C/Alloc.h" />
		<Unit filename="../../external/SevenZ/C/Bcj2.c">
			<Option compilerVar="CC" />
		</Unit>
		<Unit filename="../../external/SevenZ/C/Bcj2.h" />
		<Unit filename="../../external/SevenZ/C/Bra.c">
			<Option compilerVar="CC" />
		</Unit>
		<Unit filename="../../external/SevenZ/C/Bra.h" />
		<Unit filename="../../external/SevenZ/C/Bra86.c">
			<Option compilerVar="CC" />
		</Unit>
		<Unit filename="../../external/SevenZ/C/BraIA64.c">
			<Option compilerVar="CC" />
		</Unit>
		<Unit filename="../../external/SevenZ/C/Compiler.h" />
		<Unit filename="../../external/SevenZ/C/CpuArch.c">
			<Option compilerVar="CC" />
		</Unit>
		<Unit filename="../../external/SevenZ/C/CpuArch.h" />
		<Unit filename="../../external/SevenZ/C/Delta.c">
			<Option compilerVar="CC" />
		</Unit>
		<Unit filename="../../external/SevenZ/C/Delta.h" />
		<Unit filename="../../external/SevenZ/C/LzFind.c">
			<Option compilerVar="CC" />
		</Unit>
		<Unit filename="../../external/SevenZ/C/LzFind.h" />
		<Unit filename="../../external/SevenZ/C/LzFindMt.c">
			<Option compilerVar="CC" />
		</Unit>
		<Unit filename="../../external/SevenZ/C/LzFindMt.h" />
		<Unit filename="../../external/SevenZ/C/LzHash.h" />
		<Unit filename="../../external/SevenZ/C/Lzma2Dec.c">
			<Option compilerVar="CC" />
		</Unit>
		<Unit filename="../../external/SevenZ/C/Lzma2Dec.h" />
		<Unit filename="../../external/SevenZ/C/Lzma2Enc.c">
			<Option compilerVar="CC" />
		</Unit>
		<Unit filename="../../external/SevenZ/C/Lzma2Enc.h" />
		<Unit filename="../../external/SevenZ/C/Lzma86.h" />
		<Unit filename="../../external/SevenZ/C/Lzma86Dec.c">
			<Option compilerVar="CC" />
		</Unit>
		<Unit filename="../../external/SevenZ/C/Lzma86Enc.c">
			<Option compilerVar="CC" />
		</Unit>
		<Unit filename="../../external/SevenZ/C/LzmaDec.c">
			<Option compilerVar="CC" />
		</Unit>
		<Unit filename="../../external/SevenZ/C/LzmaDec.h" />
		<Unit filename="../../external/SevenZ/C/LzmaEnc.c">
			<Option compilerVar="CC" />
		</Unit>
		<Unit filename="../../external/SevenZ/C/LzmaEnc.h" />
		<Unit filename="../../external/SevenZ/C/MtCoder.c">
			<Option compilerVar="CC" />
		</Unit>
		<Unit filename="../../external/SevenZ/C/MtCoder.h" />
		<Unit filename="../../external/SevenZ/C/Ppmd.h" />
		<Unit filename="../../external/SevenZ/C/Ppmd7.c">
			<Option compilerVar="CC" />
		</Unit>
		<Unit filename="../../external/SevenZ/C/Ppmd7.h" />
		<Unit filename="../../external/SevenZ/C/Ppmd7Dec.c">
			<Option compilerVar="CC" />
		</Unit>
		<Unit filename="../../external/SevenZ/C/Ppmd7Enc.c">
			<Option compilerVar="CC" />
		</Unit>
		<Unit filename="../../external/SevenZ/C/Precomp.h" />
		<Unit filename="../../external/SevenZ/C/RotateDefs.h" />
		<Unit filename="../../external/SevenZ/C/Sort.h" />
		<Unit filename="../../external/SevenZ/C/Threads.c">
			<Option compilerVar="CC" />
		</Unit>
		<Unit filename="../../external/SevenZ/C/Threads.h" />
		<Extensions>
			<code_completion />
			<envvars />
			<debugger />
		</Extensions>
	</Project>
</CodeBlocks_project_file>
