
Microsoft Visual Studio Solution File, Format Version 12.00
# Visual Studio Version 17
VisualStudioVersion = 17.0.31423.177
MinimumVisualStudioVersion = 10.0.40219.1
Project("{8BC9CEB8-8B4A-11D0-8D11-00A0C91BC942}") = "install64", "..\vs_install64\install64.vcxproj", "{4962CB7A-5AC4-4143-BB7B-B94CCD87C6E0}"
EndProject
Project("{8BC9CEB8-8B4A-11D0-8D11-00A0C91BC942}") = "SDI", "..\vs_sdi\SDI.vcxproj", "{D836A720-0876-4B3A-BA09-1F6727EEE5D4}"
	ProjectSection(ProjectDependencies) = postProject
		{BA188557-1B9A-3461-AD3F-2009BE8C5B71} = {BA188557-1B9A-3461-AD3F-2009BE8C5B71}
		{B5C42F6B-C174-3E8F-A6B4-FF12CFE3AE4F} = {B5C42F6B-C174-3E8F-A6B4-FF12CFE3AE4F}
		{4962CB7A-5AC4-4143-BB7B-B94CCD87C6E0} = {4962CB7A-5AC4-4143-BB7B-B94CCD87C6E0}
		{9FE9A4F2-4E31-41EF-8189-167465A02FFD} = {9FE9A4F2-4E31-41EF-8189-167465A02FFD}
	EndProjectSection
EndProject
Project("{8BC9CEB8-8B4A-11D0-8D11-00A0C91BC942}") = "7ZIP", "..\vs_7zip\7ZIP.vcxproj", "{9FE9A4F2-4E31-41EF-8189-167465A02FFD}"
EndProject
Project("{8BC9CEB8-8B4A-11D0-8D11-00A0C91BC942}") = "torrent-rasterbar", "..\vs_libtorrent\torrent-rasterbar.vcxproj", "{BA188557-1B9A-3461-AD3F-2009BE8C5B71}"
EndProject
Project("{8BC9CEB8-8B4A-11D0-8D11-00A0C91BC942}") = "webpdecoder", "..\vs_webp\webpdecoder.vcxproj", "{B5C42F6B-C174-3E8F-A6B4-FF12CFE3AE4F}"
EndProject
Project("{8BC9CEB8-8B4A-11D0-8D11-00A0C91BC942}") = "webpdecode", "..\vs_webp\webpdecode.vcxproj", "{D0F4533E-88D9-3424-B671-C142DBFB73FA}"
EndProject
Project("{8BC9CEB8-8B4A-11D0-8D11-00A0C91BC942}") = "webpdspdecode", "..\vs_webp\webpdspdecode.vcxproj", "{62BB7CF1-7358-3583-A1C2-97513C0A19CB}"
EndProject
Project("{8BC9CEB8-8B4A-11D0-8D11-00A0C91BC942}") = "webputilsdecode", "..\vs_webp\webputilsdecode.vcxproj", "{BC9CD033-293C-3979-BE5C-6B62407780F0}"
EndProject
Global
	GlobalSection(SolutionConfigurationPlatforms) = preSolution
		Debug|Win32 = Debug|Win32
		Debug|x64 = Debug|x64
		MinSizeRel|Win32 = MinSizeRel|Win32
		MinSizeRel|x64 = MinSizeRel|x64
		Release|Win32 = Release|Win32
		Release|x64 = Release|x64
		RelWithDebInfo|Win32 = RelWithDebInfo|Win32
		RelWithDebInfo|x64 = RelWithDebInfo|x64
	EndGlobalSection
	GlobalSection(ProjectConfigurationPlatforms) = postSolution
		{4962CB7A-5AC4-4143-BB7B-B94CCD87C6E0}.Debug|Win32.ActiveCfg = Debug|x64
		{4962CB7A-5AC4-4143-BB7B-B94CCD87C6E0}.Debug|x64.ActiveCfg = Debug|x64
		{4962CB7A-5AC4-4143-BB7B-B94CCD87C6E0}.Debug|x64.Build.0 = Debug|x64
		{4962CB7A-5AC4-4143-BB7B-B94CCD87C6E0}.MinSizeRel|Win32.ActiveCfg = Debug|Win32
		{4962CB7A-5AC4-4143-BB7B-B94CCD87C6E0}.MinSizeRel|Win32.Build.0 = Debug|Win32
		{4962CB7A-5AC4-4143-BB7B-B94CCD87C6E0}.MinSizeRel|x64.ActiveCfg = Release|x64
		{4962CB7A-5AC4-4143-BB7B-B94CCD87C6E0}.MinSizeRel|x64.Build.0 = Release|x64
		{4962CB7A-5AC4-4143-BB7B-B94CCD87C6E0}.Release|Win32.ActiveCfg = Release|x64
		{4962CB7A-5AC4-4143-BB7B-B94CCD87C6E0}.Release|Win32.Build.0 = Release|x64
		{4962CB7A-5AC4-4143-BB7B-B94CCD87C6E0}.Release|x64.ActiveCfg = Release|x64
		{4962CB7A-5AC4-4143-BB7B-B94CCD87C6E0}.Release|x64.Build.0 = Release|x64
		{4962CB7A-5AC4-4143-BB7B-B94CCD87C6E0}.RelWithDebInfo|Win32.ActiveCfg = Release|Win32
		{4962CB7A-5AC4-4143-BB7B-B94CCD87C6E0}.RelWithDebInfo|Win32.Build.0 = Release|Win32
		{4962CB7A-5AC4-4143-BB7B-B94CCD87C6E0}.RelWithDebInfo|x64.ActiveCfg = Release|x64
		{4962CB7A-5AC4-4143-BB7B-B94CCD87C6E0}.RelWithDebInfo|x64.Build.0 = Release|x64
		{D836A720-0876-4B3A-BA09-1F6727EEE5D4}.Debug|Win32.ActiveCfg = Debug|Win32
		{D836A720-0876-4B3A-BA09-1F6727EEE5D4}.Debug|Win32.Build.0 = Debug|Win32
		{D836A720-0876-4B3A-BA09-1F6727EEE5D4}.Debug|x64.ActiveCfg = Debug|x64
		{D836A720-0876-4B3A-BA09-1F6727EEE5D4}.Debug|x64.Build.0 = Debug|x64
		{D836A720-0876-4B3A-BA09-1F6727EEE5D4}.MinSizeRel|Win32.ActiveCfg = Release|Win32
		{D836A720-0876-4B3A-BA09-1F6727EEE5D4}.MinSizeRel|Win32.Build.0 = Release|Win32
		{D836A720-0876-4B3A-BA09-1F6727EEE5D4}.MinSizeRel|x64.ActiveCfg = Release|x64
		{D836A720-0876-4B3A-BA09-1F6727EEE5D4}.MinSizeRel|x64.Build.0 = Release|x64
		{D836A720-0876-4B3A-BA09-1F6727EEE5D4}.Release|Win32.ActiveCfg = Release|Win32
		{D836A720-0876-4B3A-BA09-1F6727EEE5D4}.Release|Win32.Build.0 = Release|Win32
		{D836A720-0876-4B3A-BA09-1F6727EEE5D4}.Release|x64.ActiveCfg = Release|x64
		{D836A720-0876-4B3A-BA09-1F6727EEE5D4}.Release|x64.Build.0 = Release|x64
		{D836A720-0876-4B3A-BA09-1F6727EEE5D4}.RelWithDebInfo|Win32.ActiveCfg = Release|Win32
		{D836A720-0876-4B3A-BA09-1F6727EEE5D4}.RelWithDebInfo|Win32.Build.0 = Release|Win32
		{D836A720-0876-4B3A-BA09-1F6727EEE5D4}.RelWithDebInfo|x64.ActiveCfg = Release|x64
		{D836A720-0876-4B3A-BA09-1F6727EEE5D4}.RelWithDebInfo|x64.Build.0 = Release|x64
		{9FE9A4F2-4E31-41EF-8189-167465A02FFD}.Debug|Win32.ActiveCfg = DebugU|Win32
		{9FE9A4F2-4E31-41EF-8189-167465A02FFD}.Debug|Win32.Build.0 = DebugU|Win32
		{9FE9A4F2-4E31-41EF-8189-167465A02FFD}.Debug|x64.ActiveCfg = DebugU|x64
		{9FE9A4F2-4E31-41EF-8189-167465A02FFD}.Debug|x64.Build.0 = DebugU|x64
		{9FE9A4F2-4E31-41EF-8189-167465A02FFD}.MinSizeRel|Win32.ActiveCfg = ReleaseU|Win32
		{9FE9A4F2-4E31-41EF-8189-167465A02FFD}.MinSizeRel|x64.ActiveCfg = ReleaseU|x64
		{9FE9A4F2-4E31-41EF-8189-167465A02FFD}.Release|Win32.ActiveCfg = ReleaseU|Win32
		{9FE9A4F2-4E31-41EF-8189-167465A02FFD}.Release|x64.ActiveCfg = ReleaseU|x64
		{9FE9A4F2-4E31-41EF-8189-167465A02FFD}.Release|x64.Build.0 = ReleaseU|x64
		{9FE9A4F2-4E31-41EF-8189-167465A02FFD}.RelWithDebInfo|Win32.ActiveCfg = ReleaseU|x64
		{9FE9A4F2-4E31-41EF-8189-167465A02FFD}.RelWithDebInfo|Win32.Build.0 = ReleaseU|x64
		{9FE9A4F2-4E31-41EF-8189-167465A02FFD}.RelWithDebInfo|x64.ActiveCfg = DebugU|x64
		{9FE9A4F2-4E31-41EF-8189-167465A02FFD}.RelWithDebInfo|x64.Build.0 = DebugU|x64
		{BA188557-1B9A-3461-AD3F-2009BE8C5B71}.Debug|Win32.ActiveCfg = Debug|Win32
		{BA188557-1B9A-3461-AD3F-2009BE8C5B71}.Debug|Win32.Build.0 = Debug|Win32
		{BA188557-1B9A-3461-AD3F-2009BE8C5B71}.Debug|x64.ActiveCfg = Debug|x64
		{BA188557-1B9A-3461-AD3F-2009BE8C5B71}.Debug|x64.Build.0 = Debug|x64
		{BA188557-1B9A-3461-AD3F-2009BE8C5B71}.MinSizeRel|Win32.ActiveCfg = MinSizeRel|Win32
		{BA188557-1B9A-3461-AD3F-2009BE8C5B71}.MinSizeRel|x64.ActiveCfg = MinSizeRel|x64
		{BA188557-1B9A-3461-AD3F-2009BE8C5B71}.MinSizeRel|x64.Build.0 = MinSizeRel|x64
		{BA188557-1B9A-3461-AD3F-2009BE8C5B71}.Release|Win32.ActiveCfg = Release|Win32
		{BA188557-1B9A-3461-AD3F-2009BE8C5B71}.Release|Win32.Build.0 = Release|Win32
		{BA188557-1B9A-3461-AD3F-2009BE8C5B71}.Release|x64.ActiveCfg = Release|x64
		{BA188557-1B9A-3461-AD3F-2009BE8C5B71}.Release|x64.Build.0 = Release|x64
		{BA188557-1B9A-3461-AD3F-2009BE8C5B71}.RelWithDebInfo|Win32.ActiveCfg = RelWithDebInfo|Win32
		{BA188557-1B9A-3461-AD3F-2009BE8C5B71}.RelWithDebInfo|x64.ActiveCfg = RelWithDebInfo|x64
		{BA188557-1B9A-3461-AD3F-2009BE8C5B71}.RelWithDebInfo|x64.Build.0 = RelWithDebInfo|x64
		{B5C42F6B-C174-3E8F-A6B4-FF12CFE3AE4F}.Debug|Win32.ActiveCfg = Debug|Win32
		{B5C42F6B-C174-3E8F-A6B4-FF12CFE3AE4F}.Debug|Win32.Build.0 = Debug|Win32
		{B5C42F6B-C174-3E8F-A6B4-FF12CFE3AE4F}.Debug|x64.ActiveCfg = Debug|Win32
		{B5C42F6B-C174-3E8F-A6B4-FF12CFE3AE4F}.MinSizeRel|Win32.ActiveCfg = MinSizeRel|Win32
		{B5C42F6B-C174-3E8F-A6B4-FF12CFE3AE4F}.MinSizeRel|Win32.Build.0 = MinSizeRel|Win32
		{B5C42F6B-C174-3E8F-A6B4-FF12CFE3AE4F}.MinSizeRel|x64.ActiveCfg = MinSizeRel|Win32
		{B5C42F6B-C174-3E8F-A6B4-FF12CFE3AE4F}.Release|Win32.ActiveCfg = Release|Win32
		{B5C42F6B-C174-3E8F-A6B4-FF12CFE3AE4F}.Release|Win32.Build.0 = Release|Win32
		{B5C42F6B-C174-3E8F-A6B4-FF12CFE3AE4F}.Release|x64.ActiveCfg = Release|Win32
		{B5C42F6B-C174-3E8F-A6B4-FF12CFE3AE4F}.RelWithDebInfo|Win32.ActiveCfg = RelWithDebInfo|Win32
		{B5C42F6B-C174-3E8F-A6B4-FF12CFE3AE4F}.RelWithDebInfo|Win32.Build.0 = RelWithDebInfo|Win32
		{B5C42F6B-C174-3E8F-A6B4-FF12CFE3AE4F}.RelWithDebInfo|x64.ActiveCfg = RelWithDebInfo|Win32
		{D0F4533E-88D9-3424-B671-C142DBFB73FA}.Debug|Win32.ActiveCfg = Debug|Win32
		{D0F4533E-88D9-3424-B671-C142DBFB73FA}.Debug|Win32.Build.0 = Debug|Win32
		{D0F4533E-88D9-3424-B671-C142DBFB73FA}.Debug|x64.ActiveCfg = Debug|Win32
		{D0F4533E-88D9-3424-B671-C142DBFB73FA}.MinSizeRel|Win32.ActiveCfg = MinSizeRel|Win32
		{D0F4533E-88D9-3424-B671-C142DBFB73FA}.MinSizeRel|Win32.Build.0 = MinSizeRel|Win32
		{D0F4533E-88D9-3424-B671-C142DBFB73FA}.MinSizeRel|x64.ActiveCfg = MinSizeRel|Win32
		{D0F4533E-88D9-3424-B671-C142DBFB73FA}.Release|Win32.ActiveCfg = Release|Win32
		{D0F4533E-88D9-3424-B671-C142DBFB73FA}.Release|Win32.Build.0 = Release|Win32
		{D0F4533E-88D9-3424-B671-C142DBFB73FA}.Release|x64.ActiveCfg = Release|Win32
		{D0F4533E-88D9-3424-B671-C142DBFB73FA}.RelWithDebInfo|Win32.ActiveCfg = RelWithDebInfo|Win32
		{D0F4533E-88D9-3424-B671-C142DBFB73FA}.RelWithDebInfo|Win32.Build.0 = RelWithDebInfo|Win32
		{D0F4533E-88D9-3424-B671-C142DBFB73FA}.RelWithDebInfo|x64.ActiveCfg = RelWithDebInfo|Win32
		{62BB7CF1-7358-3583-A1C2-97513C0A19CB}.Debug|Win32.ActiveCfg = Debug|Win32
		{62BB7CF1-7358-3583-A1C2-97513C0A19CB}.Debug|Win32.Build.0 = Debug|Win32
		{62BB7CF1-7358-3583-A1C2-97513C0A19CB}.Debug|x64.ActiveCfg = Debug|Win32
		{62BB7CF1-7358-3583-A1C2-97513C0A19CB}.MinSizeRel|Win32.ActiveCfg = MinSizeRel|Win32
		{62BB7CF1-7358-3583-A1C2-97513C0A19CB}.MinSizeRel|Win32.Build.0 = MinSizeRel|Win32
		{62BB7CF1-7358-3583-A1C2-97513C0A19CB}.MinSizeRel|x64.ActiveCfg = MinSizeRel|Win32
		{62BB7CF1-7358-3583-A1C2-97513C0A19CB}.Release|Win32.ActiveCfg = Release|Win32
		{62BB7CF1-7358-3583-A1C2-97513C0A19CB}.Release|Win32.Build.0 = Release|Win32
		{62BB7CF1-7358-3583-A1C2-97513C0A19CB}.Release|x64.ActiveCfg = Release|Win32
		{62BB7CF1-7358-3583-A1C2-97513C0A19CB}.RelWithDebInfo|Win32.ActiveCfg = RelWithDebInfo|Win32
		{62BB7CF1-7358-3583-A1C2-97513C0A19CB}.RelWithDebInfo|Win32.Build.0 = RelWithDebInfo|Win32
		{62BB7CF1-7358-3583-A1C2-97513C0A19CB}.RelWithDebInfo|x64.ActiveCfg = RelWithDebInfo|Win32
		{BC9CD033-293C-3979-BE5C-6B62407780F0}.Debug|Win32.ActiveCfg = Debug|Win32
		{BC9CD033-293C-3979-BE5C-6B62407780F0}.Debug|Win32.Build.0 = Debug|Win32
		{BC9CD033-293C-3979-BE5C-6B62407780F0}.Debug|x64.ActiveCfg = Debug|Win32
		{BC9CD033-293C-3979-BE5C-6B62407780F0}.MinSizeRel|Win32.ActiveCfg = MinSizeRel|Win32
		{BC9CD033-293C-3979-BE5C-6B62407780F0}.MinSizeRel|Win32.Build.0 = MinSizeRel|Win32
		{BC9CD033-293C-3979-BE5C-6B62407780F0}.MinSizeRel|x64.ActiveCfg = MinSizeRel|Win32
		{BC9CD033-293C-3979-BE5C-6B62407780F0}.Release|Win32.ActiveCfg = Release|Win32
		{BC9CD033-293C-3979-BE5C-6B62407780F0}.Release|Win32.Build.0 = Release|Win32
		{BC9CD033-293C-3979-BE5C-6B62407780F0}.Release|x64.ActiveCfg = Release|Win32
		{BC9CD033-293C-3979-BE5C-6B62407780F0}.RelWithDebInfo|Win32.ActiveCfg = RelWithDebInfo|Win32
		{BC9CD033-293C-3979-BE5C-6B62407780F0}.RelWithDebInfo|Win32.Build.0 = RelWithDebInfo|Win32
		{BC9CD033-293C-3979-BE5C-6B62407780F0}.RelWithDebInfo|x64.ActiveCfg = RelWithDebInfo|Win32
	EndGlobalSection
	GlobalSection(SolutionProperties) = preSolution
		HideSolutionNode = FALSE
	EndGlobalSection
	GlobalSection(ExtensibilityGlobals) = postSolution
		SolutionGuid = {634FE34A-E6A0-481B-AEB8-4750156736ED}
	EndGlobalSection
EndGlobal
