<?xml version="1.0" encoding="UTF-8" standalone="yes" ?>
<CodeBlocks_project_file>
	<FileVersion major="1" minor="6" />
	<Project>
		<Option title="Drivers" />
		<Option makefile="makefile" />
		<Option execution_dir=".." />
		<Option pch_mode="2" />
		<Option default_target="Win32 Debug" />
		<Option compiler="gcc" />
		<Build>
			<Target title="Win32 Release">
				<Option output="../SDIO_R" prefix_auto="1" extension_auto="1" />
				<Option working_dir=".." />
				<Option object_output="../obj/Release" />
				<Option type="1" />
				<Option compiler="gcc" />
				<Option use_console_runner="0" />
				<Option parameters="-disableinstall -extractdir:temp1 -showconsole" />
				<Compiler>
					<Add option="-fomit-frame-pointer" />
					<Add option="-fexpensive-optimizations" />
					<Add option="-O3" />
					<Add option="-m32" />
					<Add option="-DNDEBUG" />
					<Add option="-DUSE_TORRENT" />
				</Compiler>
				<Linker>
					<Add option="-s" />
					<Add option="-m32" />
					<Add library="webp" />
					<Add library="torrent" />
					<Add library="wsock32" />
					<Add library="ws2_32" />
					<Add directory="../lib/Release" />
				</Linker>
			</Target>
			<Target title="Win32 Debug">
				<Option output="../SDIO_RD" prefix_auto="1" extension_auto="1" />
				<Option working_dir=".." />
				<Option object_output="../obj/Debug" />
				<Option type="1" />
				<Option compiler="gcc" />
				<Option use_console_runner="0" />
				<Option parameters="-disableinstall -extractdir:temp1 -showconsole" />
				<Compiler>
					<Add option="-pg" />
					<Add option="-m32" />
					<Add option="-g" />
					<Add option="-D_DEBUG" />
					<Add option="-DUSE_TORRENT" />
				</Compiler>
				<Linker>
					<Add option="-pg -lgmon" />
					<Add option="-m32" />
					<Add library="webp" />
					<Add library="torrent" />
					<Add library="wsock32" />
					<Add library="ws2_32" />
					<Add directory="../lib/Debug" />
				</Linker>
			</Target>
			<Target title="Win64 Release">
				<Option output="../SDIO_x64_R" prefix_auto="1" extension_auto="1" />
				<Option working_dir=".." />
				<Option object_output="../obj/Release64" />
				<Option type="1" />
				<Option compiler="gcc_64" />
				<Option use_console_runner="0" />
				<Option parameters="-disableinstall -extractdir:temp1 -showconsole" />
				<Compiler>
					<Add option="-fomit-frame-pointer" />
					<Add option="-fexpensive-optimizations" />
					<Add option="-O3" />
					<Add option="-m64" />
					<Add option="-DNDEBUG" />
					<Add option="-DUSE_TORRENT" />
				</Compiler>
				<Linker>
					<Add option="-s" />
					<Add option="-m64" />
					<Add library="webp" />
					<Add library="torrent" />
					<Add library="wsock32" />
					<Add library="ws2_32" />
					<Add directory="../lib/Release64" />
				</Linker>
			</Target>
			<Target title="Win64 Debug">
				<Option output="../SDIO_x64_RD" prefix_auto="1" extension_auto="1" />
				<Option working_dir=".." />
				<Option object_output="../obj/Debug64" />
				<Option type="1" />
				<Option compiler="gcc_64" />
				<Option use_console_runner="0" />
				<Option parameters="-disableinstall -extractdir:temp1 -showconsole" />
				<Compiler>
					<Add option="-pg" />
					<Add option="-m64" />
					<Add option="-g" />
					<Add option="-D_DEBUG" />
					<Add option="-DUSE_TORRENT" />
				</Compiler>
				<Linker>
					<Add option="-pg -lgmon" />
					<Add option="-m64" />
					<Add library="webp" />
					<Add library="torrent" />
					<Add library="wsock32" />
					<Add library="ws2_32" />
					<Add directory="../lib/Debug64" />
				</Linker>
			</Target>
		</Build>
		<Compiler>
			<Add option="-Wnon-virtual-dtor" />
			<Add option="-Wshadow" />
			<Add option="-Winit-self" />
			<Add option="-Wcast-align" />
			<Add option="-Wfloat-equal" />
			<Add option="-Wunreachable-code" />
			<Add option="-Wmissing-declarations" />
			<Add option="-Wmissing-include-dirs" />
			<Add option="-Wswitch-enum" />
			<Add option="-Wswitch-default" />
			<Add option="-Wzero-as-null-pointer-constant" />
			<Add option="-Wmain" />
			<Add option="-Wextra" />
			<Add option="-Wall" />
			<Add option="-std=c++11" />
			<Add option="-fexceptions" />
			<Add option="-finput-charset=CP1251" />
			<Add option="-Wunused" />
			<Add option="-mthreads" />
			<Add option="-DWIN32" />
			<Add option="-DUNICODE" />
			<Add option="-D_UNICODE" />
			<Add option="-D_WIN32_WINNT=0x0500" />
			<Add option="-DWINVER=0x0500" />
			<Add directory="../resources" />
			<Add directory="../external/SevenZ/C" />
			<Add directory="../external/boost_1_65_0" />
		</Compiler>
		<Linker>
			<Add option="-static" />
			<Add library="msimg32" />
			<Add library="7z" />
			<Add library="kernel32" />
			<Add library="user32" />
			<Add library="gdi32" />
			<Add library="comdlg32" />
			<Add library="advapi32" />
			<Add library="shell32" />
			<Add library="ole32" />
			<Add library="oleaut32" />
			<Add library="setupapi" />
			<Add library="shlwapi" />
			<Add library="newdev" />
			<Add library="boost_system_tr" />
			<Add library="uuid" />
			<Add library="wbemuuid" />
			<Add library="sapi" />
			<Add library="comctl32" />
			<Add directory="../external" />
		</Linker>
		<Unit filename="../resources/cli.txt" />
		<Unit filename="../resources/cli.txt" />
		<Unit filename="../resources/resources.h" />
		<Unit filename="../resources/resources.rc">
			<Option compilerVar="WINDRES" />
		</Unit>
		<Unit filename="../resources/wizards.h" />
		<Unit filename="../resources/wizards.rc">
			<Option compilerVar="WINDRES" />
		</Unit>
		<Unit filename="../source/7zip.h" />
		<Unit filename="../source/baseboard.cpp" />
		<Unit filename="../source/cli.cpp" />
		<Unit filename="../source/cli.h" />
		<Unit filename="../source/com_header.h" />
		<Unit filename="../source/common.cpp" />
		<Unit filename="../source/common.h" />
		<Unit filename="../source/device.h" />
		<Unit filename="../source/draw.cpp" />
		<Unit filename="../source/draw.h" />
		<Unit filename="../source/draw_imp.h" />
		<Unit filename="../source/enum.cpp" />
		<Unit filename="../source/enum.h" />
		<Unit filename="../source/gui.cpp" />
		<Unit filename="../source/gui.h" />
		<Unit filename="../source/indexing.cpp" />
		<Unit filename="../source/indexing.h" />
		<Unit filename="../source/install.cpp" />
		<Unit filename="../source/install.h" />
		<Unit filename="../source/langlist.cpp" />
		<Unit filename="../source/langlist.h" />
		<Unit filename="../source/logging.cpp" />
		<Unit filename="../source/logging.h" />
		<Unit filename="../source/main.cpp" />
		<Unit filename="../source/main.h" />
		<Unit filename="../source/manager.cpp" />
		<Unit filename="../source/manager.h" />
		<Unit filename="../source/matcher.cpp" />
		<Unit filename="../source/matcher.h" />
		<Unit filename="../source/model.cpp" />
		<Unit filename="../source/model.h" />
		<Unit filename="../source/script.cpp" />
		<Unit filename="../source/script.h" />
		<Unit filename="../source/settings.cpp" />
		<Unit filename="../source/settings.h" />
		<Unit filename="../source/svnrev.h" />
		<Unit filename="../source/system.cpp" />
		<Unit filename="../source/system.h" />
		<Unit filename="../source/system_imp.h" />
		<Unit filename="../source/theme.cpp" />
		<Unit filename="../source/theme.h" />
		<Unit filename="../source/theme_imp.h" />
		<Unit filename="../source/themelist.cpp" />
		<Unit filename="../source/themelist.h" />
		<Unit filename="../source/update.cpp" />
		<Unit filename="../source/update.h" />
		<Unit filename="../source/usbwizard.cpp" />
		<Unit filename="../source/usbwizard.h" />
		<Extensions>
			<code_completion />
			<envvars />
			<debugger />
		</Extensions>
	</Project>
</CodeBlocks_project_file>
