
Microsoft Visual Studio Solution File, Format Version 12.00
# Visual Studio Version 16
VisualStudioVersion = 16.0.31313.381
MinimumVisualStudioVersion = 10.0.40219.1
Project("{8BC9CEB8-8B4A-11D0-8D11-00A0C91BC942}") = "ALL_BUILD", "ALL_BUILD.vcxproj", "{432CCFA4-4D2A-3026-B09C-B05F0B618DF8}"
	ProjectSection(ProjectDependencies) = postProject
		{A14B5A90-58E8-3583-B41D-8939A1DCA17C} = {A14B5A90-58E8-3583-B41D-8939A1DCA17C}
		{3DE7C20D-103F-3B77-ABD1-38FF8A94DEEC} = {3DE7C20D-103F-3B77-ABD1-38FF8A94DEEC}
		{708B61B2-7EB9-3D05-B20B-5DB0534F70FB} = {708B61B2-7EB9-3D05-B20B-5DB0534F70FB}
	EndProjectSection
EndProject
Project("{8BC9CEB8-8B4A-11D0-8D11-00A0C91BC942}") = "ZERO_CHECK", "ZERO_CHECK.vcxproj", "{A14B5A90-58E8-3583-B41D-8939A1DCA17C}"
EndProject
Project("{8BC9CEB8-8B4A-11D0-8D11-00A0C91BC942}") = "client_test", "examples\client_test.vcxproj", "{3DE7C20D-103F-3B77-ABD1-38FF8A94DEEC}"
	ProjectSection(ProjectDependencies) = postProject
		{A14B5A90-58E8-3583-B41D-8939A1DCA17C} = {A14B5A90-58E8-3583-B41D-8939A1DCA17C}
		{708B61B2-7EB9-3D05-B20B-5DB0534F70FB} = {708B61B2-7EB9-3D05-B20B-5DB0534F70FB}
	EndProjectSection
EndProject
Project("{8BC9CEB8-8B4A-11D0-8D11-00A0C91BC942}") = "torrent-rasterbar", "torrent-rasterbar.vcxproj", "{708B61B2-7EB9-3D05-B20B-5DB0534F70FB}"
	ProjectSection(ProjectDependencies) = postProject
		{A14B5A90-58E8-3583-B41D-8939A1DCA17C} = {A14B5A90-58E8-3583-B41D-8939A1DCA17C}
	EndProjectSection
EndProject
Global
	GlobalSection(SolutionConfigurationPlatforms) = preSolution
		Debug|Win32 = Debug|Win32
		MinSizeRel|Win32 = MinSizeRel|Win32
		Release|Win32 = Release|Win32
		RelWithDebInfo|Win32 = RelWithDebInfo|Win32
	EndGlobalSection
	GlobalSection(ProjectConfigurationPlatforms) = postSolution
		{432CCFA4-4D2A-3026-B09C-B05F0B618DF8}.Debug|Win32.ActiveCfg = Debug|Win32
		{432CCFA4-4D2A-3026-B09C-B05F0B618DF8}.Debug|Win32.Build.0 = Debug|Win32
		{432CCFA4-4D2A-3026-B09C-B05F0B618DF8}.MinSizeRel|Win32.ActiveCfg = MinSizeRel|Win32
		{432CCFA4-4D2A-3026-B09C-B05F0B618DF8}.MinSizeRel|Win32.Build.0 = MinSizeRel|Win32
		{432CCFA4-4D2A-3026-B09C-B05F0B618DF8}.Release|Win32.ActiveCfg = Release|Win32
		{432CCFA4-4D2A-3026-B09C-B05F0B618DF8}.Release|Win32.Build.0 = Release|Win32
		{432CCFA4-4D2A-3026-B09C-B05F0B618DF8}.RelWithDebInfo|Win32.ActiveCfg = RelWithDebInfo|Win32
		{432CCFA4-4D2A-3026-B09C-B05F0B618DF8}.RelWithDebInfo|Win32.Build.0 = RelWithDebInfo|Win32
		{A14B5A90-58E8-3583-B41D-8939A1DCA17C}.Debug|Win32.ActiveCfg = Debug|Win32
		{A14B5A90-58E8-3583-B41D-8939A1DCA17C}.Debug|Win32.Build.0 = Debug|Win32
		{A14B5A90-58E8-3583-B41D-8939A1DCA17C}.MinSizeRel|Win32.ActiveCfg = MinSizeRel|Win32
		{A14B5A90-58E8-3583-B41D-8939A1DCA17C}.MinSizeRel|Win32.Build.0 = MinSizeRel|Win32
		{A14B5A90-58E8-3583-B41D-8939A1DCA17C}.Release|Win32.ActiveCfg = Release|Win32
		{A14B5A90-58E8-3583-B41D-8939A1DCA17C}.Release|Win32.Build.0 = Release|Win32
		{A14B5A90-58E8-3583-B41D-8939A1DCA17C}.RelWithDebInfo|Win32.ActiveCfg = RelWithDebInfo|Win32
		{A14B5A90-58E8-3583-B41D-8939A1DCA17C}.RelWithDebInfo|Win32.Build.0 = RelWithDebInfo|Win32
		{3DE7C20D-103F-3B77-ABD1-38FF8A94DEEC}.Debug|Win32.ActiveCfg = Debug|Win32
		{3DE7C20D-103F-3B77-ABD1-38FF8A94DEEC}.Debug|Win32.Build.0 = Debug|Win32
		{3DE7C20D-103F-3B77-ABD1-38FF8A94DEEC}.MinSizeRel|Win32.ActiveCfg = MinSizeRel|Win32
		{3DE7C20D-103F-3B77-ABD1-38FF8A94DEEC}.MinSizeRel|Win32.Build.0 = MinSizeRel|Win32
		{3DE7C20D-103F-3B77-ABD1-38FF8A94DEEC}.Release|Win32.ActiveCfg = Release|Win32
		{3DE7C20D-103F-3B77-ABD1-38FF8A94DEEC}.Release|Win32.Build.0 = Release|Win32
		{3DE7C20D-103F-3B77-ABD1-38FF8A94DEEC}.RelWithDebInfo|Win32.ActiveCfg = RelWithDebInfo|Win32
		{3DE7C20D-103F-3B77-ABD1-38FF8A94DEEC}.RelWithDebInfo|Win32.Build.0 = RelWithDebInfo|Win32
		{708B61B2-7EB9-3D05-B20B-5DB0534F70FB}.Debug|Win32.ActiveCfg = Debug|Win32
		{708B61B2-7EB9-3D05-B20B-5DB0534F70FB}.Debug|Win32.Build.0 = Debug|Win32
		{708B61B2-7EB9-3D05-B20B-5DB0534F70FB}.MinSizeRel|Win32.ActiveCfg = MinSizeRel|Win32
		{708B61B2-7EB9-3D05-B20B-5DB0534F70FB}.MinSizeRel|Win32.Build.0 = MinSizeRel|Win32
		{708B61B2-7EB9-3D05-B20B-5DB0534F70FB}.Release|Win32.ActiveCfg = Release|Win32
		{708B61B2-7EB9-3D05-B20B-5DB0534F70FB}.Release|Win32.Build.0 = Release|Win32
		{708B61B2-7EB9-3D05-B20B-5DB0534F70FB}.RelWithDebInfo|Win32.ActiveCfg = RelWithDebInfo|Win32
		{708B61B2-7EB9-3D05-B20B-5DB0534F70FB}.RelWithDebInfo|Win32.Build.0 = RelWithDebInfo|Win32
	EndGlobalSection
	GlobalSection(SolutionProperties) = preSolution
		HideSolutionNode = FALSE
	EndGlobalSection
	GlobalSection(ExtensibilityGlobals) = postSolution
		SolutionGuid = {90B8FFC2-4579-3B0D-8BF3-297666D6DC72}
	EndGlobalSection
EndGlobal
